Microsoft Visual Studio Solution File, Format Version 9.00
# Visual Studio 2005
Project("{8BC9CEB8-8B4A-11D0-8D11-00A0C91BC942}") = "StealthQtLib", "StealthQTLib.vcproj", "{4BA2E421-3B9B-4B17-8FB5-C7B8CC322065}"
EndProject
Global
	GlobalSection(SolutionConfigurationPlatforms) = preSolution
		Debug|Win32 = Debug|Win32
		Release|Win32 = Release|Win32
	EndGlobalSection
	GlobalSection(ProjectConfigurationPlatforms) = postSolution
		{4BA2E421-3B9B-4B17-8FB5-C7B8CC322065}.Debug|Win32.ActiveCfg = Debug|Win32
		{4BA2E421-3B9B-4B17-8FB5-C7B8CC322065}.Debug|Win32.Build.0 = Debug|Win32
		{4BA2E421-3B9B-4B17-8FB5-C7B8CC322065}.Release|Win32.ActiveCfg = Release|Win32
		{4BA2E421-3B9B-4B17-8FB5-C7B8CC322065}.Release|Win32.Build.0 = Release|Win32
	EndGlobalSection
	GlobalSection(SolutionProperties) = preSolution
		HideSolutionNode = FALSE
	EndGlobalSection
EndGlobal
