Microsoft Visual Studio Solution File, Format Version 9.00
# Visual Studio 2005
Project("{8BC9CEB8-8B4A-11D0-8D11-00A0C91BC942}") = "SimCore", "SimCore\SimCore.vcproj", "{F2A65AD1-656F-4759-B7BA-FE40F34A8C27}"
EndProject
Project("{8BC9CEB8-8B4A-11D0-8D11-00A0C91BC942}") = "StealthGMApp", "StealthViewer\StealthGMApp.vcproj", "{FA2A531A-513A-4205-B46F-CCB98E373F4D}"
	ProjectSection(ProjectDependencies) = postProject
		{F2A65AD1-656F-4759-B7BA-FE40F34A8C27} = {F2A65AD1-656F-4759-B7BA-FE40F34A8C27}
	EndProjectSection
EndProject
Project("{8BC9CEB8-8B4A-11D0-8D11-00A0C91BC942}") = "StealthQtExe", "StealthViewer\StealthQt.vcproj", "{DA433154-6881-4B72-961A-7C95A85B729A}"
	ProjectSection(ProjectDependencies) = postProject
		{F2A65AD1-656F-4759-B7BA-FE40F34A8C27} = {F2A65AD1-656F-4759-B7BA-FE40F34A8C27}
		{4BA2E421-3B9B-4B17-8FB5-C7B8CC322065} = {4BA2E421-3B9B-4B17-8FB5-C7B8CC322065}
		{FA2A531A-513A-4205-B46F-CCB98E373F4D} = {FA2A531A-513A-4205-B46F-CCB98E373F4D}
	EndProjectSection
EndProject
Project("{8BC9CEB8-8B4A-11D0-8D11-00A0C91BC942}") = "StealthQtLib", "StealthViewer\StealthQTLib.vcproj", "{4BA2E421-3B9B-4B17-8FB5-C7B8CC322065}"
	ProjectSection(ProjectDependencies) = postProject
		{F2A65AD1-656F-4759-B7BA-FE40F34A8C27} = {F2A65AD1-656F-4759-B7BA-FE40F34A8C27}
		{FA2A531A-513A-4205-B46F-CCB98E373F4D} = {FA2A531A-513A-4205-B46F-CCB98E373F4D}
	EndProjectSection
EndProject
Project("{8BC9CEB8-8B4A-11D0-8D11-00A0C91BC942}") = "UnitTests", "Tests\UnitTests.vcproj", "{429EC70F-F300-4CAE-A850-32B3BC9FFEB0}"
	ProjectSection(ProjectDependencies) = postProject
		{FA2A531A-513A-4205-B46F-CCB98E373F4D} = {FA2A531A-513A-4205-B46F-CCB98E373F4D}
		{4BA2E421-3B9B-4B17-8FB5-C7B8CC322065} = {4BA2E421-3B9B-4B17-8FB5-C7B8CC322065}
		{DA433154-6881-4B72-961A-7C95A85B729A} = {DA433154-6881-4B72-961A-7C95A85B729A}
		{F2A65AD1-656F-4759-B7BA-FE40F34A8C27} = {F2A65AD1-656F-4759-B7BA-FE40F34A8C27}
	EndProjectSection
EndProject
Global
	GlobalSection(SolutionConfigurationPlatforms) = preSolution
		Debug|Win32 = Debug|Win32
		Release|Win32 = Release|Win32
	EndGlobalSection
	GlobalSection(ProjectConfigurationPlatforms) = postSolution
		{F2A65AD1-656F-4759-B7BA-FE40F34A8C27}.Debug|Win32.ActiveCfg = Debug|Win32
		{F2A65AD1-656F-4759-B7BA-FE40F34A8C27}.Debug|Win32.Build.0 = Debug|Win32
		{F2A65AD1-656F-4759-B7BA-FE40F34A8C27}.Release|Win32.ActiveCfg = Release|Win32
		{F2A65AD1-656F-4759-B7BA-FE40F34A8C27}.Release|Win32.Build.0 = Release|Win32
		{FA2A531A-513A-4205-B46F-CCB98E373F4D}.Debug|Win32.ActiveCfg = Debug|Win32
		{FA2A531A-513A-4205-B46F-CCB98E373F4D}.Debug|Win32.Build.0 = Debug|Win32
		{FA2A531A-513A-4205-B46F-CCB98E373F4D}.Release|Win32.ActiveCfg = Release|Win32
		{FA2A531A-513A-4205-B46F-CCB98E373F4D}.Release|Win32.Build.0 = Release|Win32
		{DA433154-6881-4B72-961A-7C95A85B729A}.Debug|Win32.ActiveCfg = Debug|Win32
		{DA433154-6881-4B72-961A-7C95A85B729A}.Debug|Win32.Build.0 = Debug|Win32
		{DA433154-6881-4B72-961A-7C95A85B729A}.Release|Win32.ActiveCfg = Release|Win32
		{DA433154-6881-4B72-961A-7C95A85B729A}.Release|Win32.Build.0 = Release|Win32
		{4BA2E421-3B9B-4B17-8FB5-C7B8CC322065}.Debug|Win32.ActiveCfg = Debug|Win32
		{4BA2E421-3B9B-4B17-8FB5-C7B8CC322065}.Debug|Win32.Build.0 = Debug|Win32
		{4BA2E421-3B9B-4B17-8FB5-C7B8CC322065}.Release|Win32.ActiveCfg = Release|Win32
		{4BA2E421-3B9B-4B17-8FB5-C7B8CC322065}.Release|Win32.Build.0 = Release|Win32
		{429EC70F-F300-4CAE-A850-32B3BC9FFEB0}.Debug|Win32.ActiveCfg = Debug|Win32
		{429EC70F-F300-4CAE-A850-32B3BC9FFEB0}.Debug|Win32.Build.0 = Debug|Win32
		{429EC70F-F300-4CAE-A850-32B3BC9FFEB0}.Release|Win32.ActiveCfg = Release|Win32
		{429EC70F-F300-4CAE-A850-32B3BC9FFEB0}.Release|Win32.Build.0 = Release|Win32
	EndGlobalSection
	GlobalSection(SolutionProperties) = preSolution
		HideSolutionNode = FALSE
	EndGlobalSection
EndGlobal
