Microsoft Visual Studio Solution File, Format Version 9.00
# Visual Studio 2005
Project("{8BC9CEB8-8B4A-11D0-8D11-00A0C91BC942}") = "osgEphemeris", "osgEphemeris\osgEphemeris.vcproj", "{8DE318E9-51D6-4887-957D-21B319A22390}"
EndProject
Project("{8BC9CEB8-8B4A-11D0-8D11-00A0C91BC942}") = "osgPlugin ephemeris", "osgPlugin_ephemeris\osgPlugin_ephemeris.vcproj", "{B7191373-AF3D-49DE-880B-5A41A1629861}"
	ProjectSection(ProjectDependencies) = postProject
		{8DE318E9-51D6-4887-957D-21B319A22390} = {8DE318E9-51D6-4887-957D-21B319A22390}
	EndProjectSection
EndProject
Project("{8BC9CEB8-8B4A-11D0-8D11-00A0C91BC942}") = "Compass", "Compass\Compass.vcproj", "{63A2C5E8-1A66-408F-A90B-FB94D8D02DBB}"
EndProject
Project("{8BC9CEB8-8B4A-11D0-8D11-00A0C91BC942}") = "osgPlugin compass", "osgPlugin_compass\osgPlugin_compass.vcproj", "{C0C9D7D6-F06B-43AA-AA27-5815EE89B212}"
	ProjectSection(ProjectDependencies) = postProject
		{63A2C5E8-1A66-408F-A90B-FB94D8D02DBB} = {63A2C5E8-1A66-408F-A90B-FB94D8D02DBB}
	EndProjectSection
EndProject
Project("{8BC9CEB8-8B4A-11D0-8D11-00A0C91BC942}") = "EphemerisViewer", "Viewer\Viewer.vcproj", "{BA695BC4-12B5-424B-9B82-520C19054953}"
	ProjectSection(ProjectDependencies) = postProject
		{63A2C5E8-1A66-408F-A90B-FB94D8D02DBB} = {63A2C5E8-1A66-408F-A90B-FB94D8D02DBB}
		{8DE318E9-51D6-4887-957D-21B319A22390} = {8DE318E9-51D6-4887-957D-21B319A22390}
	EndProjectSection
EndProject
Global
	GlobalSection(SolutionConfigurationPlatforms) = preSolution
		Debug|Win32 = Debug|Win32
		Release|Win32 = Release|Win32
	EndGlobalSection
	GlobalSection(ProjectConfigurationPlatforms) = postSolution
		{8DE318E9-51D6-4887-957D-21B319A22390}.Debug|Win32.ActiveCfg = Debug|Win32
		{8DE318E9-51D6-4887-957D-21B319A22390}.Debug|Win32.Build.0 = Debug|Win32
		{8DE318E9-51D6-4887-957D-21B319A22390}.Release|Win32.ActiveCfg = Release|Win32
		{8DE318E9-51D6-4887-957D-21B319A22390}.Release|Win32.Build.0 = Release|Win32
		{B7191373-AF3D-49DE-880B-5A41A1629861}.Debug|Win32.ActiveCfg = Debug|Win32
		{B7191373-AF3D-49DE-880B-5A41A1629861}.Debug|Win32.Build.0 = Debug|Win32
		{B7191373-AF3D-49DE-880B-5A41A1629861}.Release|Win32.ActiveCfg = Release|Win32
		{B7191373-AF3D-49DE-880B-5A41A1629861}.Release|Win32.Build.0 = Release|Win32
		{63A2C5E8-1A66-408F-A90B-FB94D8D02DBB}.Debug|Win32.ActiveCfg = Debug|Win32
		{63A2C5E8-1A66-408F-A90B-FB94D8D02DBB}.Debug|Win32.Build.0 = Debug|Win32
		{63A2C5E8-1A66-408F-A90B-FB94D8D02DBB}.Release|Win32.ActiveCfg = Release|Win32
		{63A2C5E8-1A66-408F-A90B-FB94D8D02DBB}.Release|Win32.Build.0 = Release|Win32
		{C0C9D7D6-F06B-43AA-AA27-5815EE89B212}.Debug|Win32.ActiveCfg = Debug|Win32
		{C0C9D7D6-F06B-43AA-AA27-5815EE89B212}.Debug|Win32.Build.0 = Debug|Win32
		{C0C9D7D6-F06B-43AA-AA27-5815EE89B212}.Release|Win32.ActiveCfg = Release|Win32
		{C0C9D7D6-F06B-43AA-AA27-5815EE89B212}.Release|Win32.Build.0 = Release|Win32
		{BA695BC4-12B5-424B-9B82-520C19054953}.Debug|Win32.ActiveCfg = Debug|Win32
		{BA695BC4-12B5-424B-9B82-520C19054953}.Debug|Win32.Build.0 = Debug|Win32
		{BA695BC4-12B5-424B-9B82-520C19054953}.Release|Win32.ActiveCfg = Release|Win32
		{BA695BC4-12B5-424B-9B82-520C19054953}.Release|Win32.Build.0 = Release|Win32
	EndGlobalSection
	GlobalSection(SolutionProperties) = preSolution
		HideSolutionNode = FALSE
	EndGlobalSection
EndGlobal
